// !$*UTF8*$!
{
	archiveVersion = 1;
	classes = {
	};
	objectVersion = 50;
	objects = {

/* Begin PBXBuildFile section */
		F568F1D6247C73B0008E1243 /* AppDelegate.swift in Sources */ = {isa = PBXBuildFile; fileRef = F568F1D5247C73B0008E1243 /* AppDelegate.swift */; };
		F568F1D8247C73B0008E1243 /* SceneDelegate.swift in Sources */ = {isa = PBXBuildFile; fileRef = F568F1D7247C73B0008E1243 /* SceneDelegate.swift */; };
		F568F1DA247C73B0008E1243 /* ViewController.swift in Sources */ = {isa = PBXBuildFile; fileRef = F568F1D9247C73B0008E1243 /* ViewController.swift */; };
		F568F1DD247C73B0008E1243 /* Main.storyboard in Resources */ = {isa = PBXBuildFile; fileRef = F568F1DB247C73B0008E1243 /* Main.storyboard */; };
		F568F1DF247C73B2008E1243 /* Assets.xcassets in Resources */ = {isa = PBXBuildFile; fileRef = F568F1DE247C73B2008E1243 /* Assets.xcassets */; };
		F568F1E2247C73B2008E1243 /* LaunchScreen.storyboard in Resources */ = {isa = PBXBuildFile; fileRef = F568F1E0247C73B2008E1243 /* LaunchScreen.storyboard */; };
/* End PBXBuildFile section */

/* Begin PBXFileReference section */
		F568F1D2247C73B0008E1243 /* Hiit Timer.app */ = {isa = PBXFileReference; explicitFileType = wrapper.application; includeInIndex = 0; path = "Hiit Timer.app"; sourceTree = BUILT_PRODUCTS_DIR; };
		F568F1D5247C73B0008E1243 /* AppDelegate.swift */ = {isa = PBXFileReference; lastKnownFileType = sourcecode.swift; path = AppDelegate.swift; sourceTree = "<group>"; };
		F568F1D7247C73B0008E1243 /* SceneDelegate.swift */ = {isa = PBXFileReference; lastKnownFileType = sourcecode.swift; path = SceneDelegate.swift; sourceTree = "<group>"; };
		F568F1D9247C73B0008E1243 /* ViewController.swift */ = {isa = PBXFileReference; lastKnownFileType = sourcecode.swift; path = ViewController.swift; sourceTree = "<group>"; };
		F568F1DC247C73B0008E1243 /* Base */ = {isa = PBXFileReference; lastKnownFileType = file.storyboard; name = Base; path = Base.lproj/Main.storyboard; sourceTree = "<group>"; };
		F568F1DE247C73B2008E1243 /* Assets.xcassets */ = {isa = PBXFileReference; lastKnownFileType = folder.assetcatalog; path = Assets.xcassets; sourceTree = "<group>"; };
		F568F1E1247C73B2008E1243 /* Base */ = {isa = PBXFileReference; lastKnownFileType = file.storyboard; name = Base; path = Base.lproj/LaunchScreen.storyboard; sourceTree = "<group>"; };
		F568F1E3247C73B2008E1243 /* Info.plist */ = {isa = PBXFileReference; lastKnownFileType = text.plist.xml; path = Info.plist; sourceTree = "<group>"; };
/* End PBXFileReference section */

/* Begin PBXFrameworksBuildPhase section */
		F568F1CF247C73B0008E1243 /* Frameworks */ = {
			isa = PBXFrameworksBuildPhase;
			buildActionMask = 2147483647;
			files = (
			);
			runOnlyForDeploymentPostprocessing = 0;
		};
/* End PBXFrameworksBuildPhase section */

/* Begin PBXGroup section */
		F568F1C9247C73B0008E1243 = {
			isa = PBXGroup;
			children = (
				F568F1D4247C73B0008E1243 /* Hiit Timer */,
				F568F1D3247C73B0008E1243 /* Products */,
			);
			sourceTree = "<group>";
		};
		F568F1D3247C73B0008E1243 /* Products */ = {
			isa = PBXGroup;
			children = (
				F568F1D2247C73B0008E1243 /* Hiit Timer.app */,
			);
			name = Products;
			sourceTree = "<group>";
		};
		F568F1D4247C73B0008E1243 /* Hiit Timer */ = {
			isa = PBXGroup;
			children = (
				F568F1D5247C73B0008E1243 /* AppDelegate.swift */,
				F568F1D7247C73B0008E1243 /* SceneDelegate.swift */,
				F568F1D9247C73B0008E1243 /* ViewController.swift */,
				F568F1DB247C73B0008E1243 /* Main.storyboard */,
				F568F1DE247C73B2008E1243 /* Assets.xcassets */,
				F568F1E0247C73B2008E1243 /* LaunchScreen.storyboard */,
				F568F1E3247C73B2008E1243 /* Info.plist */,
			);
			path = "Hiit Timer";
			sourceTree = "<group>";
		};
/* End PBXGroup section */

/* Begin PBXNativeTarget section */
		F568F1D1247C73B0008E1243 /* Hiit Timer */ = {
			isa = PBXNativeTarget;
			buildConfigurationList = F568F1E6247C73B2008E1243 /* Build configuration list for PBXNativeTarget "Hiit Timer" */;
			buildPhases = (
				F568F1CE247C73B0008E1243 /* Sources */,
				F568F1CF247C73B0008E1243 /* Frameworks */,
				F568F1D0247C73B0008E1243 /* Resources */,
			);
			buildRules = (
			);
			dependencies = (
			);
			name = "Hiit Timer";
			productName = "Hiit Timer";
			productReference = F568F1D2247C73B0008E1243 /* Hiit Timer.app */;
			productType = "com.apple.product-type.application";
		};
/* End PBXNativeTarget section */

/* Begin PBXProject section */
		F568F1CA247C73B0008E1243 /* Project object */ = {
			isa = PBXProject;
			attributes = {
				LastSwiftUpdateCheck = 1150;
				LastUpgradeCheck = 1150;
				ORGANIZATIONNAME = Codejo;
				TargetAttributes = {
					F568F1D1247C73B0008E1243 = {
						CreatedOnToolsVersion = 11.5;
					};
				};
			};
			buildConfigurationList = F568F1CD247C73B0008E1243 /* Build configuration list for PBXProject "Hiit Timer" */;
			compatibilityVersion = "Xcode 9.3";
			developmentRegion = en;
			hasScannedForEncodings = 0;
			knownRegions = (
				en,
				Base,
			);
			mainGroup = F568F1C9247C73B0008E1243;
			productRefGroup = F568F1D3247C73B0008E1243 /* Products */;
			projectDirPath = "";
			projectRoot = "";
			targets = (
				F568F1D1247C73B0008E1243 /* Hiit Timer */,
			);
		};
/* End PBXProject section */

/* Begin PBXResourcesBuildPhase section */
		F568F1D0247C73B0008E1243 /* Resources */ = {
			isa = PBXResourcesBuildPhase;
			buildActionMask = 2147483647;
			files = (
				F568F1E2247C73B2008E1243 /* LaunchScreen.storyboard in Resources */,
				F568F1DF247C73B2008E1243 /* Assets.xcassets in Resources */,
				F568F1DD247C73B0008E1243 /* Main.storyboard in Resources */,
			);
			runOnlyForDeploymentPostprocessing = 0;
		};
/* End PBXResourcesBuildPhase section */

/* Begin PBXSourcesBuildPhase section */
		F568F1CE247C73B0008E1243 /* Sources */ = {
			isa = PBXSourcesBuildPhase;
			buildActionMask = 2147483647;
			files = (
				F568F1DA247C73B0008E1243 /* ViewController.swift in Sources */,
				F568F1D6247C73B0008E1243 /* AppDelegate.swift in Sources */,
				F568F1D8247C73B0008E1243 /* SceneDelegate.swift in Sources */,
			);
			runOnlyForDeploymentPostprocessing = 0;
		};
/* End PBXSourcesBuildPhase section */

/* Begin PBXVariantGroup section */
		F568F1DB247C73B0008E1243 /* Main.storyboard */ = {
			isa = PBXVariantGroup;
			children = (
				F568F1DC247C73B0008E1243 /* Base */,
			);
			name = Main.storyboard;
			sourceTree = "<group>";
		};
		F568F1E0247C73B2008E1243 /* LaunchScreen.storyboard */ = {
			isa = PBXVariantGroup;
			children = (
				F568F1E1247C73B2008E1243 /* Base */,
			);
			name = LaunchScreen.storyboard;
			sourceTree = "<group>";
		};
/* End PBXVariantGroup section */

/* Begin XCBuildConfiguration section */
		F568F1E4247C73B2008E1243 /* Debug */ = {
			isa = XCBuildConfiguration;
			buildSettings = {
				ALWAYS_SEARCH_USER_PATHS = NO;
				CLANG_ANALYZER_NONNULL = YES;
				CLANG_ANALYZER_NUMBER_OBJECT_CONVERSION = YES_AGGRESSIVE;
				CLANG_CXX_LANGUAGE_STANDARD = "gnu++14";
				CLANG_CXX_LIBRARY = "libc++";
				CLANG_ENABLE_MODULES = YES;
				CLANG_ENABLE_OBJC_ARC = YES;
				CLANG_ENABLE_OBJC_WEAK = YES;
				CLANG_WARN_BLOCK_CAPTURE_AUTORELEASING = YES;
				CLANG_WARN_BOOL_CONVERSION = YES;
				CLANG_WARN_COMMA = YES;
				CLANG_WARN_CONSTANT_CONVERSION = YES;
				CLANG_WARN_DEPRECATED_OBJC_IMPLEMENTATIONS = YES;
				CLANG_WARN_DIRECT_OBJC_ISA_USAGE = YES_ERROR;
				CLANG_WARN_DOCUMENTATION_COMMENTS = YES;
				CLANG_WARN_EMPTY_BODY = YES;
				CLANG_WARN_ENUM_CONVERSION = YES;
				CLANG_WARN_INFINITE_RECURSION = YES;
				CLANG_WARN_INT_CONVERSION = YES;
				CLANG_WARN_NON_LITERAL_NULL_CONVERSION = YES;
				CLANG_WARN_OBJC_IMPLICIT_RETAIN_SELF = YES;
				CLANG_WARN_OBJC_LITERAL_CONVERSION = YES;
				CLANG_WARN_OBJC_ROOT_CLASS = YES_ERROR;
				CLANG_WARN_RANGE_LOOP_ANALYSIS = YES;
				CLANG_WARN_STRICT_PROTOTYPES = YES;
				CLANG_WARN_SUSPICIOUS_MOVE = YES;
				CLANG_WARN_UNGUARDED_AVAILABILITY = YES_AGGRESSIVE;
				CLANG_WARN_UNREACHABLE_CODE = YES;
				CLANG_WARN__DUPLICATE_METHOD_MATCH = YES;
				COPY_PHASE_STRIP = NO;
				DEBUG_INFORMATION_FORMAT = dwarf;
				ENABLE_STRICT_OBJC_MSGSEND = YES;
				ENABLE_TESTABILITY = YES;
				GCC_C_LANGUAGE_STANDARD = gnu11;
				GCC_DYNAMIC_NO_PIC = NO;
				GCC_NO_COMMON_BLOCKS = YES;
				GCC_OPTIMIZATION_LEVEL = 0;
				GCC_PREPROCESSOR_DEFINITIONS = (
					"DEBUG=1",
					"$(inherited)",
				);
				GCC_WARN_64_TO_32_BIT_CONVERSION = YES;
				GCC_WARN_ABOUT_RETURN_TYPE = YES_ERROR;
				GCC_WARN_UNDECLARED_SELECTOR = YES;
				GCC_WARN_UNINITIALIZED_AUTOS = YES_AGGRESSIVE;
				GCC_WARN_UNUSED_FUNCTION = YES;
				GCC_WARN_UNUSED_VARIABLE = YES;
				IPHONEOS_DEPLOYMENT_TARGET = 13.5;
				MTL_ENABLE_DEBUG_INFO = INCLUDE_SOURCE;
				MTL_FAST_MATH = YES;
				ONLY_ACTIVE_ARCH = YES;
				SDKROOT = iphoneos;
				SWIFT_ACTIVE_COMPILATION_CONDITIONS = DEBUG;
				SWIFT_OPTIMIZATION_LEVEL = "-Onone";
			};
			name = Debug;
		};
		F568F1E5247C73B2008E1243 /* Release */ = {
			isa = XCBuildConfiguration;
			buildSettings = {
				ALWAYS_SEARCH_USER_PATHS = NO;
				CLANG_ANALYZER_NONNULL = YES;
				CLANG_ANALYZER_NUMBER_OBJECT_CONVERSION = YES_AGGRESSIVE;
				CLANG_CXX_LANGUAGE_STANDARD = "gnu++14";
				CLANG_CXX_LIBRARY = "libc++";
				CLANG_ENABLE_MODULES = YES;
				CLANG_ENABLE_OBJC_ARC = YES;
				CLANG_ENABLE_OBJC_WEAK = YES;
				CLANG_WARN_BLOCK_CAPTURE_AUTORELEASING = YES;
				CLANG_WARN_BOOL_CONVERSION = YES;
				CLANG_WARN_COMMA = YES;
				CLANG_WARN_CONSTANT_CONVERSION = YES;
				CLANG_WARN_DEPRECATED_OBJC_IMPLEMENTATIONS = YES;
				CLANG_WARN_DIRECT_OBJC_ISA_USAGE = YES_ERROR;
				CLANG_WARN_DOCUMENTATION_COMMENTS = YES;
				CLANG_WARN_EMPTY_BODY = YES;
				CLANG_WARN_ENUM_CONVERSION = YES;
				CLANG_WARN_INFINITE_RECURSION = YES;
				CLANG_WARN_INT_CONVERSION = YES;
				CLANG_WARN_NON_LITERAL_NULL_CONVERSION = YES;
				CLANG_WARN_OBJC_IMPLICIT_RETAIN_SELF = YES;
				CLANG_WARN_OBJC_LITERAL_CONVERSION = YES;
				CLANG_WARN_OBJC_ROOT_CLASS = YES_ERROR;
				CLANG_WARN_RANGE_LOOP_ANALYSIS = YES;
				CLANG_WARN_STRICT_PROTOTYPES = YES;
				CLANG_WARN_SUSPICIOUS_MOVE = YES;
				CLANG_WARN_UNGUARDED_AVAILABILITY = YES_AGGRESSIVE;
				CLANG_WARN_UNREACHABLE_CODE = YES;
				CLANG_WARN__DUPLICATE_METHOD_MATCH = YES;
				COPY_PHASE_STRIP = NO;
				DEBUG_INFORMATION_FORMAT = "dwarf-with-dsym";
				ENABLE_NS_ASSERTIONS = NO;
				ENABLE_STRICT_OBJC_MSGSEND = YES;
				GCC_C_LANGUAGE_STANDARD = gnu11;
				GCC_NO_COMMON_BLOCKS = YES;
				GCC_WARN_64_TO_32_BIT_CONVERSION = YES;
				GCC_WARN_ABOUT_RETURN_TYPE = YES_ERROR;
				GCC_WARN_UNDECLARED_SELECTOR = YES;
				GCC_WARN_UNINITIALIZED_AUTOS = YES_AGGRESSIVE;
				GCC_WARN_UNUSED_FUNCTION = YES;
				GCC_WARN_UNUSED_VARIABLE = YES;
				IPHONEOS_DEPLOYMENT_TARGET = 13.5;
				MTL_ENABLE_DEBUG_INFO = NO;
				MTL_FAST_MATH = YES;
				SDKROOT = iphoneos;
				SWIFT_COMPILATION_MODE = wholemodule;
				SWIFT_OPTIMIZATION_LEVEL = "-O";
				VALIDATE_PRODUCT = YES;
			};
			name = Release;
		};
		F568F1E7247C73B2008E1243 /* Debug */ = {
			isa = XCBuildConfiguration;
			buildSettings = {
				ASSETCATALOG_COMPILER_APPICON_NAME = AppIcon;
				CODE_SIGN_STYLE = Automatic;
				DEVELOPMENT_TEAM = QV29J79HW7;
				INFOPLIST_FILE = "Hiit Timer/Info.plist";
				LD_RUNPATH_SEARCH_PATHS = (
					"$(inherited)",
					"@executable_path/Frameworks",
				);
				PRODUCT_BUNDLE_IDENTIFIER = "io.codejo.Hiit-Timer";
				PRODUCT_NAME = "$(TARGET_NAME)";
				SWIFT_VERSION = 5.0;
				TARGETED_DEVICE_FAMILY = "1,2";
			};
			name = Debug;
		};
		F568F1E8247C73B2008E1243 /* Release */ = {
			isa = XCBuildConfiguration;
			buildSettings = {
				ASSETCATALOG_COMPILER_APPICON_NAME = AppIcon;
				CODE_SIGN_STYLE = Automatic;
				DEVELOPMENT_TEAM = QV29J79HW7;
				INFOPLIST_FILE = "Hiit Timer/Info.plist";
				LD_RUNPATH_SEARCH_PATHS = (
					"$(inherited)",
					"@executable_path/Frameworks",
				);
				PRODUCT_BUNDLE_IDENTIFIER = "io.codejo.Hiit-Timer";
				PRODUCT_NAME = "$(TARGET_NAME)";
				SWIFT_VERSION = 5.0;
				TARGETED_DEVICE_FAMILY = "1,2";
			};
			name = Release;
		};
/* End XCBuildConfiguration section */

/* Begin XCConfigurationList section */
		F568F1CD247C73B0008E1243 /* Build configuration list for PBXProject "Hiit Timer" */ = {
			isa = XCConfigurationList;
			buildConfigurations = (
				F568F1E4247C73B2008E1243 /* Debug */,
				F568F1E5247C73B2008E1243 /* Release */,
			);
			defaultConfigurationIsVisible = 0;
			defaultConfigurationName = Release;
		};
		F568F1E6247C73B2008E1243 /* Build configuration list for PBXNativeTarget "Hiit Timer" */ = {
			isa = XCConfigurationList;
			buildConfigurations = (
				F568F1E7247C73B2008E1243 /* Debug */,
				F568F1E8247C73B2008E1243 /* Release */,
			);
			defaultConfigurationIsVisible = 0;
			defaultConfigurationName = Release;
		};
/* End XCConfigurationList section */
	};
	rootObject = F568F1CA247C73B0008E1243 /* Project object */;
}
